
Microsoft Visual Studio Solution File, Format Version 12.00
# Visual Studio Version 17
VisualStudioVersion = 17.14.36408.4 d17.14
MinimumVisualStudioVersion = 10.0.40219.1
Project("{FAE04EC0-301F-11D3-BF4B-00C04F79EFBC}") = "Books-api", "Books-api\Books-api.csproj", "{46CE6190-DD25-4621-A301-D0C5413D4982}"
EndProject
Project("{2150E333-8FDC-42A3-9474-1A3956D46DE8}") = "src", "src", "{02EA681E-C7D8-13C7-8484-4AC65E1B71E8}"
EndProject
Project("{2150E333-8FDC-42A3-9474-1A3956D46DE8}") = "API", "API", "{9A40C1AF-3292-4F35-A5B7-637DA5D22326}"
EndProject
Project("{2150E333-8FDC-42A3-9474-1A3956D46DE8}") = "1. API", "1. API", "{9691FB60-65DF-4EBF-BF84-7D107BCFC0BF}"
EndProject
Project("{2150E333-8FDC-42A3-9474-1A3956D46DE8}") = "2. Domain", "2. Domain", "{BA60C361-86EA-4A55-9504-A2F9D21C01E6}"
EndProject
Project("{2150E333-8FDC-42A3-9474-1A3956D46DE8}") = "3. Service", "3. Service", "{41D62F00-DFCA-4CFD-B55D-AD3927FB9A0A}"
EndProject
Project("{FAE04EC0-301F-11D3-BF4B-00C04F79EFBC}") = "Domain", "Domain\Domain.csproj", "{08D2557E-CB7F-4B3D-B2D6-4885328E18DB}"
EndProject
Project("{FAE04EC0-301F-11D3-BF4B-00C04F79EFBC}") = "Service", "Service\Service.csproj", "{82F55661-240C-4455-931D-75CF6826ECCE}"
EndProject
Project("{2150E333-8FDC-42A3-9474-1A3956D46DE8}") = "4. Estructure", "4. Estructure", "{963E7901-28FD-4F49-9668-90A360D54E46}"
EndProject
Project("{FAE04EC0-301F-11D3-BF4B-00C04F79EFBC}") = "Infra", "Infra\Infra.csproj", "{35306F39-91C6-4944-BB5B-7A8F52D15377}"
EndProject
Global
	GlobalSection(SolutionConfigurationPlatforms) = preSolution
		Debug|Any CPU = Debug|Any CPU
		Release|Any CPU = Release|Any CPU
	EndGlobalSection
	GlobalSection(ProjectConfigurationPlatforms) = postSolution
		{46CE6190-DD25-4621-A301-D0C5413D4982}.Debug|Any CPU.ActiveCfg = Debug|Any CPU
		{46CE6190-DD25-4621-A301-D0C5413D4982}.Debug|Any CPU.Build.0 = Debug|Any CPU
		{46CE6190-DD25-4621-A301-D0C5413D4982}.Release|Any CPU.ActiveCfg = Release|Any CPU
		{46CE6190-DD25-4621-A301-D0C5413D4982}.Release|Any CPU.Build.0 = Release|Any CPU
		{08D2557E-CB7F-4B3D-B2D6-4885328E18DB}.Debug|Any CPU.ActiveCfg = Debug|Any CPU
		{08D2557E-CB7F-4B3D-B2D6-4885328E18DB}.Debug|Any CPU.Build.0 = Debug|Any CPU
		{08D2557E-CB7F-4B3D-B2D6-4885328E18DB}.Release|Any CPU.ActiveCfg = Release|Any CPU
		{08D2557E-CB7F-4B3D-B2D6-4885328E18DB}.Release|Any CPU.Build.0 = Release|Any CPU
		{82F55661-240C-4455-931D-75CF6826ECCE}.Debug|Any CPU.ActiveCfg = Debug|Any CPU
		{82F55661-240C-4455-931D-75CF6826ECCE}.Debug|Any CPU.Build.0 = Debug|Any CPU
		{82F55661-240C-4455-931D-75CF6826ECCE}.Release|Any CPU.ActiveCfg = Release|Any CPU
		{82F55661-240C-4455-931D-75CF6826ECCE}.Release|Any CPU.Build.0 = Release|Any CPU
		{35306F39-91C6-4944-BB5B-7A8F52D15377}.Debug|Any CPU.ActiveCfg = Debug|Any CPU
		{35306F39-91C6-4944-BB5B-7A8F52D15377}.Debug|Any CPU.Build.0 = Debug|Any CPU
		{35306F39-91C6-4944-BB5B-7A8F52D15377}.Release|Any CPU.ActiveCfg = Release|Any CPU
		{35306F39-91C6-4944-BB5B-7A8F52D15377}.Release|Any CPU.Build.0 = Release|Any CPU
	EndGlobalSection
	GlobalSection(SolutionProperties) = preSolution
		HideSolutionNode = FALSE
	EndGlobalSection
	GlobalSection(NestedProjects) = preSolution
		{46CE6190-DD25-4621-A301-D0C5413D4982} = {9691FB60-65DF-4EBF-BF84-7D107BCFC0BF}
		{9A40C1AF-3292-4F35-A5B7-637DA5D22326} = {02EA681E-C7D8-13C7-8484-4AC65E1B71E8}
		{9691FB60-65DF-4EBF-BF84-7D107BCFC0BF} = {9A40C1AF-3292-4F35-A5B7-637DA5D22326}
		{BA60C361-86EA-4A55-9504-A2F9D21C01E6} = {9A40C1AF-3292-4F35-A5B7-637DA5D22326}
		{41D62F00-DFCA-4CFD-B55D-AD3927FB9A0A} = {9A40C1AF-3292-4F35-A5B7-637DA5D22326}
		{08D2557E-CB7F-4B3D-B2D6-4885328E18DB} = {BA60C361-86EA-4A55-9504-A2F9D21C01E6}
		{82F55661-240C-4455-931D-75CF6826ECCE} = {41D62F00-DFCA-4CFD-B55D-AD3927FB9A0A}
		{963E7901-28FD-4F49-9668-90A360D54E46} = {9A40C1AF-3292-4F35-A5B7-637DA5D22326}
		{35306F39-91C6-4944-BB5B-7A8F52D15377} = {963E7901-28FD-4F49-9668-90A360D54E46}
	EndGlobalSection
	GlobalSection(ExtensibilityGlobals) = postSolution
		SolutionGuid = {3A9B617B-D0AF-49D1-BA25-23615B876F47}
	EndGlobalSection
EndGlobal
